
Microsoft Visual Studio Solution File, Format Version 12.00
# Visual Studio Version 17
VisualStudioVersion = 17.14.36811.4 d17.14
MinimumVisualStudioVersion = 10.0.40219.1
Project("{FAE04EC0-301F-11D3-BF4B-00C04F79EFBC}") = "AagustTask1TaplePrintInConsoleFromDb", "AagustTask1TaplePrintInConsoleFromDb\AagustTask1TaplePrintInConsoleFromDb.csproj", "{6DCB56B2-B924-407D-B9AE-A4E6A7BCA0FA}"
EndProject
Global
	GlobalSection(SolutionConfigurationPlatforms) = preSolution
		Debug|Any CPU = Debug|Any CPU
		Release|Any CPU = Release|Any CPU
	EndGlobalSection
	GlobalSection(ProjectConfigurationPlatforms) = postSolution
		{6DCB56B2-B924-407D-B9AE-A4E6A7BCA0FA}.Debug|Any CPU.ActiveCfg = Debug|Any CPU
		{6DCB56B2-B924-407D-B9AE-A4E6A7BCA0FA}.Debug|Any CPU.Build.0 = Debug|Any CPU
		{6DCB56B2-B924-407D-B9AE-A4E6A7BCA0FA}.Release|Any CPU.ActiveCfg = Release|Any CPU
		{6DCB56B2-B924-407D-B9AE-A4E6A7BCA0FA}.Release|Any CPU.Build.0 = Release|Any CPU
	EndGlobalSection
	GlobalSection(SolutionProperties) = preSolution
		HideSolutionNode = FALSE
	EndGlobalSection
	GlobalSection(ExtensibilityGlobals) = postSolution
		SolutionGuid = {7D4CA081-0203-4749-9B0C-5BB7B77FF7A1}
	EndGlobalSection
EndGlobal
