
Microsoft Visual Studio Solution File, Format Version 12.00
# Visual Studio Version 17
VisualStudioVersion = 17.14.36811.4 d17.14
MinimumVisualStudioVersion = 10.0.40219.1
Project("{FAE04EC0-301F-11D3-BF4B-00C04F79EFBC}") = "ExcelDataConvertToJesonInBatch", "ExcelDataConvertToJesonInBatch\ExcelDataConvertToJesonInBatch.csproj", "{ED860266-11BF-41A3-9A3D-2B9F7CD1B6E7}"
EndProject
Global
	GlobalSection(SolutionConfigurationPlatforms) = preSolution
		Debug|Any CPU = Debug|Any CPU
		Release|Any CPU = Release|Any CPU
	EndGlobalSection
	GlobalSection(ProjectConfigurationPlatforms) = postSolution
		{ED860266-11BF-41A3-9A3D-2B9F7CD1B6E7}.Debug|Any CPU.ActiveCfg = Debug|Any CPU
		{ED860266-11BF-41A3-9A3D-2B9F7CD1B6E7}.Debug|Any CPU.Build.0 = Debug|Any CPU
		{ED860266-11BF-41A3-9A3D-2B9F7CD1B6E7}.Release|Any CPU.ActiveCfg = Release|Any CPU
		{ED860266-11BF-41A3-9A3D-2B9F7CD1B6E7}.Release|Any CPU.Build.0 = Release|Any CPU
	EndGlobalSection
	GlobalSection(SolutionProperties) = preSolution
		HideSolutionNode = FALSE
	EndGlobalSection
	GlobalSection(ExtensibilityGlobals) = postSolution
		SolutionGuid = {5AD0A4A8-7273-4D3D-BB9C-4BFF173E4887}
	EndGlobalSection
EndGlobal
