
Microsoft Visual Studio Solution File, Format Version 12.00
# Visual Studio Version 17
VisualStudioVersion = 17.14.36811.4 d17.14
MinimumVisualStudioVersion = 10.0.40219.1
Project("{FAE04EC0-301F-11D3-BF4B-00C04F79EFBC}") = "Aug26ETTaskTbToRMQToTb", "Aug26ETTaskTbToRMQToTb\Aug26ETTaskTbToRMQToTb.csproj", "{08615F0B-A20D-47D6-BA15-504023302A2B}"
EndProject
Global
	GlobalSection(SolutionConfigurationPlatforms) = preSolution
		Debug|Any CPU = Debug|Any CPU
		Release|Any CPU = Release|Any CPU
	EndGlobalSection
	GlobalSection(ProjectConfigurationPlatforms) = postSolution
		{08615F0B-A20D-47D6-BA15-504023302A2B}.Debug|Any CPU.ActiveCfg = Debug|Any CPU
		{08615F0B-A20D-47D6-BA15-504023302A2B}.Debug|Any CPU.Build.0 = Debug|Any CPU
		{08615F0B-A20D-47D6-BA15-504023302A2B}.Release|Any CPU.ActiveCfg = Release|Any CPU
		{08615F0B-A20D-47D6-BA15-504023302A2B}.Release|Any CPU.Build.0 = Release|Any CPU
	EndGlobalSection
	GlobalSection(SolutionProperties) = preSolution
		HideSolutionNode = FALSE
	EndGlobalSection
	GlobalSection(ExtensibilityGlobals) = postSolution
		SolutionGuid = {111FCCC4-952C-471F-BFB8-B1A989AFDB99}
	EndGlobalSection
EndGlobal
