
Microsoft Visual Studio Solution File, Format Version 12.00
# Visual Studio Version 17
VisualStudioVersion = 17.14.36811.4 d17.14
MinimumVisualStudioVersion = 10.0.40219.1
Project("{FAE04EC0-301F-11D3-BF4B-00C04F79EFBC}") = "Task6TbTOAPIToRmq(API For Publish msg)", "Task6TbTOAPIToRmq(API For Publish msg)\Task6TbTOAPIToRmq(API For Publish msg).csproj", "{A1EA8DCD-6C3F-4DED-A13A-3D4D5AB9202F}"
EndProject
Global
	GlobalSection(SolutionConfigurationPlatforms) = preSolution
		Debug|Any CPU = Debug|Any CPU
		Release|Any CPU = Release|Any CPU
	EndGlobalSection
	GlobalSection(ProjectConfigurationPlatforms) = postSolution
		{A1EA8DCD-6C3F-4DED-A13A-3D4D5AB9202F}.Debug|Any CPU.ActiveCfg = Debug|Any CPU
		{A1EA8DCD-6C3F-4DED-A13A-3D4D5AB9202F}.Debug|Any CPU.Build.0 = Debug|Any CPU
		{A1EA8DCD-6C3F-4DED-A13A-3D4D5AB9202F}.Release|Any CPU.ActiveCfg = Release|Any CPU
		{A1EA8DCD-6C3F-4DED-A13A-3D4D5AB9202F}.Release|Any CPU.Build.0 = Release|Any CPU
	EndGlobalSection
	GlobalSection(SolutionProperties) = preSolution
		HideSolutionNode = FALSE
	EndGlobalSection
	GlobalSection(ExtensibilityGlobals) = postSolution
		SolutionGuid = {4BF4D819-CE3B-43C3-8CBD-6215C74C459B}
	EndGlobalSection
EndGlobal
