
Microsoft Visual Studio Solution File, Format Version 12.00
# Visual Studio Version 17
VisualStudioVersion = 17.14.36811.4 d17.14
MinimumVisualStudioVersion = 10.0.40219.1
Project("{FAE04EC0-301F-11D3-BF4B-00C04F79EFBC}") = "DistributionComDataService", "DistributionComDataService\DistributionComDataService.csproj", "{1EF03265-8305-488E-9039-29A371773ABB}"
EndProject
Global
	GlobalSection(SolutionConfigurationPlatforms) = preSolution
		Debug|Any CPU = Debug|Any CPU
		Release|Any CPU = Release|Any CPU
	EndGlobalSection
	GlobalSection(ProjectConfigurationPlatforms) = postSolution
		{1EF03265-8305-488E-9039-29A371773ABB}.Debug|Any CPU.ActiveCfg = Debug|Any CPU
		{1EF03265-8305-488E-9039-29A371773ABB}.Debug|Any CPU.Build.0 = Debug|Any CPU
		{1EF03265-8305-488E-9039-29A371773ABB}.Release|Any CPU.ActiveCfg = Release|Any CPU
		{1EF03265-8305-488E-9039-29A371773ABB}.Release|Any CPU.Build.0 = Release|Any CPU
	EndGlobalSection
	GlobalSection(SolutionProperties) = preSolution
		HideSolutionNode = FALSE
	EndGlobalSection
	GlobalSection(ExtensibilityGlobals) = postSolution
		SolutionGuid = {87229DF8-15DC-4209-83CF-F83576C62F38}
	EndGlobalSection
EndGlobal
