
Microsoft Visual Studio Solution File, Format Version 12.00
# Visual Studio Version 17
VisualStudioVersion = 17.14.36811.4 d17.14
MinimumVisualStudioVersion = 10.0.40219.1
Project("{FAE04EC0-301F-11D3-BF4B-00C04F79EFBC}") = "Aug26EsyasoftTrainningTask2JsonToDb", "Aug26EsyasoftTrainningTask2JsonToDb\Aug26EsyasoftTrainningTask2JsonToDb.csproj", "{EBC1D11B-F1A0-481F-AFD9-59AF3E459377}"
EndProject
Global
	GlobalSection(SolutionConfigurationPlatforms) = preSolution
		Debug|Any CPU = Debug|Any CPU
		Release|Any CPU = Release|Any CPU
	EndGlobalSection
	GlobalSection(ProjectConfigurationPlatforms) = postSolution
		{EBC1D11B-F1A0-481F-AFD9-59AF3E459377}.Debug|Any CPU.ActiveCfg = Debug|Any CPU
		{EBC1D11B-F1A0-481F-AFD9-59AF3E459377}.Debug|Any CPU.Build.0 = Debug|Any CPU
		{EBC1D11B-F1A0-481F-AFD9-59AF3E459377}.Release|Any CPU.ActiveCfg = Release|Any CPU
		{EBC1D11B-F1A0-481F-AFD9-59AF3E459377}.Release|Any CPU.Build.0 = Release|Any CPU
	EndGlobalSection
	GlobalSection(SolutionProperties) = preSolution
		HideSolutionNode = FALSE
	EndGlobalSection
	GlobalSection(ExtensibilityGlobals) = postSolution
		SolutionGuid = {0AF3F918-E75C-4810-94C7-DB77221F7691}
	EndGlobalSection
EndGlobal
