
Microsoft Visual Studio Solution File, Format Version 12.00
# Visual Studio Version 17
VisualStudioVersion = 17.14.36811.4 d17.14
MinimumVisualStudioVersion = 10.0.40219.1
Project("{FAE04EC0-301F-11D3-BF4B-00C04F79EFBC}") = "FileUploadToFtpServer", "FileUploadToFtpServer\FileUploadToFtpServer.csproj", "{AE68C00B-D70E-4DE0-A89F-36DD2BBEBFFC}"
EndProject
Global
	GlobalSection(SolutionConfigurationPlatforms) = preSolution
		Debug|Any CPU = Debug|Any CPU
		Release|Any CPU = Release|Any CPU
	EndGlobalSection
	GlobalSection(ProjectConfigurationPlatforms) = postSolution
		{AE68C00B-D70E-4DE0-A89F-36DD2BBEBFFC}.Debug|Any CPU.ActiveCfg = Debug|Any CPU
		{AE68C00B-D70E-4DE0-A89F-36DD2BBEBFFC}.Debug|Any CPU.Build.0 = Debug|Any CPU
		{AE68C00B-D70E-4DE0-A89F-36DD2BBEBFFC}.Release|Any CPU.ActiveCfg = Release|Any CPU
		{AE68C00B-D70E-4DE0-A89F-36DD2BBEBFFC}.Release|Any CPU.Build.0 = Release|Any CPU
	EndGlobalSection
	GlobalSection(SolutionProperties) = preSolution
		HideSolutionNode = FALSE
	EndGlobalSection
	GlobalSection(ExtensibilityGlobals) = postSolution
		SolutionGuid = {0594B0DF-6236-4BE1-958B-8B6ED95148B6}
	EndGlobalSection
EndGlobal
